
Microsoft Visual Studio Solution File, Format Version 12.00
# Visual Studio Version 17
VisualStudioVersion = 17.8.34330.188
MinimumVisualStudioVersion = 10.0.40219.1
Project("{9A19103F-16F7-4668-BE54-9A1E7A4F7556}") = "Historyexams", "Historyexams\Historyexams.csproj", "{085E3EDA-5C02-4478-85E0-72D0D97A1D62}"
EndProject
Global
	GlobalSection(SolutionConfigurationPlatforms) = preSolution
		Debug|Any CPU = Debug|Any CPU
		Release|Any CPU = Release|Any CPU
	EndGlobalSection
	GlobalSection(ProjectConfigurationPlatforms) = postSolution
		{085E3EDA-5C02-4478-85E0-72D0D97A1D62}.Debug|Any CPU.ActiveCfg = Debug|Any CPU
		{085E3EDA-5C02-4478-85E0-72D0D97A1D62}.Debug|Any CPU.Build.0 = Debug|Any CPU
		{085E3EDA-5C02-4478-85E0-72D0D97A1D62}.Release|Any CPU.ActiveCfg = Release|Any CPU
		{085E3EDA-5C02-4478-85E0-72D0D97A1D62}.Release|Any CPU.Build.0 = Release|Any CPU
	EndGlobalSection
	GlobalSection(SolutionProperties) = preSolution
		HideSolutionNode = FALSE
	EndGlobalSection
	GlobalSection(ExtensibilityGlobals) = postSolution
		SolutionGuid = {72F17522-8FC4-4706-9698-77948ACC2FCB}
	EndGlobalSection
EndGlobal
